
Microsoft Visual Studio Solution File, Format Version 12.00
# Visual Studio Version 16
VisualStudioVersion = 16.0.30804.86
MinimumVisualStudioVersion = 10.0.40219.1
Project("{8BC9CEB8-8B4A-11D0-8D11-00A0C91BC942}") = "7-1 2개의 함수로 만든 프로그램", "7-1 2개의 함수로 만든 프로그램\7-1 2개의 함수로 만든 프로그램.vcxproj", "{F2773E65-86A4-4C7A-A59F-0317B6C3A5A8}"
EndProject
Project("{8BC9CEB8-8B4A-11D0-8D11-00A0C91BC942}") = "7-2 매개변수가 없는 함수", "7-2 매개변수가 없는 함수\7-2 매개변수가 없는 함수.vcxproj", "{5D752F68-0FBC-469E-9AD4-AD214B691C68}"
EndProject
Project("{8BC9CEB8-8B4A-11D0-8D11-00A0C91BC942}") = "7-3 반환값이 없는 함수", "7-3 반환값이 없는 함수\7-3 반환값이 없는 함수.vcxproj", "{8C163E8A-2F06-4BD3-B824-1A70BB865DC9}"
EndProject
Project("{8BC9CEB8-8B4A-11D0-8D11-00A0C91BC942}") = "7-4 반환값과 매개변수가 모두 없는함수", "7-4 반환값과 매개변수가 모두 없는함수\7-4 반환값과 매개변수가 모두 없는함수.vcxproj", "{0B53B60C-14D4-4BAB-81DA-5CEC2F902B82}"
EndProject
Global
	GlobalSection(SolutionConfigurationPlatforms) = preSolution
		Debug|x64 = Debug|x64
		Debug|x86 = Debug|x86
		Release|x64 = Release|x64
		Release|x86 = Release|x86
	EndGlobalSection
	GlobalSection(ProjectConfigurationPlatforms) = postSolution
		{F2773E65-86A4-4C7A-A59F-0317B6C3A5A8}.Debug|x64.ActiveCfg = Debug|x64
		{F2773E65-86A4-4C7A-A59F-0317B6C3A5A8}.Debug|x64.Build.0 = Debug|x64
		{F2773E65-86A4-4C7A-A59F-0317B6C3A5A8}.Debug|x86.ActiveCfg = Debug|Win32
		{F2773E65-86A4-4C7A-A59F-0317B6C3A5A8}.Debug|x86.Build.0 = Debug|Win32
		{F2773E65-86A4-4C7A-A59F-0317B6C3A5A8}.Release|x64.ActiveCfg = Release|x64
		{F2773E65-86A4-4C7A-A59F-0317B6C3A5A8}.Release|x64.Build.0 = Release|x64
		{F2773E65-86A4-4C7A-A59F-0317B6C3A5A8}.Release|x86.ActiveCfg = Release|Win32
		{F2773E65-86A4-4C7A-A59F-0317B6C3A5A8}.Release|x86.Build.0 = Release|Win32
		{5D752F68-0FBC-469E-9AD4-AD214B691C68}.Debug|x64.ActiveCfg = Debug|x64
		{5D752F68-0FBC-469E-9AD4-AD214B691C68}.Debug|x64.Build.0 = Debug|x64
		{5D752F68-0FBC-469E-9AD4-AD214B691C68}.Debug|x86.ActiveCfg = Debug|Win32
		{5D752F68-0FBC-469E-9AD4-AD214B691C68}.Debug|x86.Build.0 = Debug|Win32
		{5D752F68-0FBC-469E-9AD4-AD214B691C68}.Release|x64.ActiveCfg = Release|x64
		{5D752F68-0FBC-469E-9AD4-AD214B691C68}.Release|x64.Build.0 = Release|x64
		{5D752F68-0FBC-469E-9AD4-AD214B691C68}.Release|x86.ActiveCfg = Release|Win32
		{5D752F68-0FBC-469E-9AD4-AD214B691C68}.Release|x86.Build.0 = Release|Win32
		{8C163E8A-2F06-4BD3-B824-1A70BB865DC9}.Debug|x64.ActiveCfg = Debug|x64
		{8C163E8A-2F06-4BD3-B824-1A70BB865DC9}.Debug|x64.Build.0 = Debug|x64
		{8C163E8A-2F06-4BD3-B824-1A70BB865DC9}.Debug|x86.ActiveCfg = Debug|Win32
		{8C163E8A-2F06-4BD3-B824-1A70BB865DC9}.Debug|x86.Build.0 = Debug|Win32
		{8C163E8A-2F06-4BD3-B824-1A70BB865DC9}.Release|x64.ActiveCfg = Release|x64
		{8C163E8A-2F06-4BD3-B824-1A70BB865DC9}.Release|x64.Build.0 = Release|x64
		{8C163E8A-2F06-4BD3-B824-1A70BB865DC9}.Release|x86.ActiveCfg = Release|Win32
		{8C163E8A-2F06-4BD3-B824-1A70BB865DC9}.Release|x86.Build.0 = Release|Win32
		{0B53B60C-14D4-4BAB-81DA-5CEC2F902B82}.Debug|x64.ActiveCfg = Debug|x64
		{0B53B60C-14D4-4BAB-81DA-5CEC2F902B82}.Debug|x64.Build.0 = Debug|x64
		{0B53B60C-14D4-4BAB-81DA-5CEC2F902B82}.Debug|x86.ActiveCfg = Debug|Win32
		{0B53B60C-14D4-4BAB-81DA-5CEC2F902B82}.Debug|x86.Build.0 = Debug|Win32
		{0B53B60C-14D4-4BAB-81DA-5CEC2F902B82}.Release|x64.ActiveCfg = Release|x64
		{0B53B60C-14D4-4BAB-81DA-5CEC2F902B82}.Release|x64.Build.0 = Release|x64
		{0B53B60C-14D4-4BAB-81DA-5CEC2F902B82}.Release|x86.ActiveCfg = Release|Win32
		{0B53B60C-14D4-4BAB-81DA-5CEC2F902B82}.Release|x86.Build.0 = Release|Win32
	EndGlobalSection
	GlobalSection(SolutionProperties) = preSolution
		HideSolutionNode = FALSE
	EndGlobalSection
	GlobalSection(ExtensibilityGlobals) = postSolution
		SolutionGuid = {9134392D-72B5-487D-AEDC-810B756AE161}
	EndGlobalSection
EndGlobal
