
Microsoft Visual Studio Solution File, Format Version 12.00
# Visual Studio Version 16
VisualStudioVersion = 16.0.30804.86
MinimumVisualStudioVersion = 10.0.40219.1
Project("{8BC9CEB8-8B4A-11D0-8D11-00A0C91BC942}") = "ex3-1", "ex3-1\ex3-1.vcxproj", "{EF43789A-8521-412E-BE9C-9DE350E56700}"
EndProject
Global
	GlobalSection(SolutionConfigurationPlatforms) = preSolution
		Debug|x64 = Debug|x64
		Debug|x86 = Debug|x86
		Release|x64 = Release|x64
		Release|x86 = Release|x86
	EndGlobalSection
	GlobalSection(ProjectConfigurationPlatforms) = postSolution
		{EF43789A-8521-412E-BE9C-9DE350E56700}.Debug|x64.ActiveCfg = Debug|x64
		{EF43789A-8521-412E-BE9C-9DE350E56700}.Debug|x64.Build.0 = Debug|x64
		{EF43789A-8521-412E-BE9C-9DE350E56700}.Debug|x86.ActiveCfg = Debug|Win32
		{EF43789A-8521-412E-BE9C-9DE350E56700}.Debug|x86.Build.0 = Debug|Win32
		{EF43789A-8521-412E-BE9C-9DE350E56700}.Release|x64.ActiveCfg = Release|x64
		{EF43789A-8521-412E-BE9C-9DE350E56700}.Release|x64.Build.0 = Release|x64
		{EF43789A-8521-412E-BE9C-9DE350E56700}.Release|x86.ActiveCfg = Release|Win32
		{EF43789A-8521-412E-BE9C-9DE350E56700}.Release|x86.Build.0 = Release|Win32
	EndGlobalSection
	GlobalSection(SolutionProperties) = preSolution
		HideSolutionNode = FALSE
	EndGlobalSection
	GlobalSection(ExtensibilityGlobals) = postSolution
		SolutionGuid = {25E2DCF2-86C5-4934-AD58-DE4AC85A6ED8}
	EndGlobalSection
EndGlobal
